
Microsoft Visual Studio Solution File, Format Version 12.00
# Visual Studio Version 17
VisualStudioVersion = 17.0.31919.166
MinimumVisualStudioVersion = 10.0.40219.1
Project("{2150E333-8FDC-42A3-9474-1A3956D46DE8}") = "Services", "Services", "{A73F6804-ACD1-4C37-A39D-0F48EBBE37C8}"
EndProject
Project("{2150E333-8FDC-42A3-9474-1A3956D46DE8}") = "Catalog", "Catalog", "{16D1A06C-BD18-47A0-AA07-227FF1FBB824}"
EndProject
Project("{9A19103F-16F7-4668-BE54-9A1E7A4F7556}") = "Catalog.API", "Services\Catalog\Catalog.API\Catalog.API.csproj", "{9698C338-A743-45BC-A282-EF0150FED5BB}"
EndProject
Project("{E53339B2-1760-4266-BCC7-CA923CBCF16C}") = "docker-compose", "docker-compose.dcproj", "{D64FD3AB-C10A-4D00-92BC-04E2157185FE}"
EndProject
Project("{2150E333-8FDC-42A3-9474-1A3956D46DE8}") = "Basket", "Basket", "{B08F31CA-6C34-4271-BBFE-0428F3A88EBB}"
EndProject
Project("{9A19103F-16F7-4668-BE54-9A1E7A4F7556}") = "Basket.API", "Services\Basket\Basket.API\Basket.API.csproj", "{6607BDB1-036C-41E2-910D-2D665EED7FA0}"
EndProject
Project("{2150E333-8FDC-42A3-9474-1A3956D46DE8}") = "Discount", "Discount", "{B42D9D6B-2608-485E-9F37-CBD7CD5FE469}"
EndProject
Project("{9A19103F-16F7-4668-BE54-9A1E7A4F7556}") = "Discount.API", "Services\Discount\Discount.API\Discount.API.csproj", "{D9292765-4B10-439C-9507-5FA684E6868A}"
EndProject
Project("{9A19103F-16F7-4668-BE54-9A1E7A4F7556}") = "Discount.Grpc", "Services\Discount\Discount.Grpc\Discount.Grpc.csproj", "{D4AA987E-E0DE-44A9-8856-684B3119713C}"
EndProject
Project("{2150E333-8FDC-42A3-9474-1A3956D46DE8}") = "Ordering", "Ordering", "{E3D1B00C-432D-49F9-ADA0-D445D1189815}"
EndProject
Project("{FAE04EC0-301F-11D3-BF4B-00C04F79EFBC}") = "Ordering.API", "Services\Ordering\Ordering.API\Ordering.API.csproj", "{D2D3FDDE-E1C1-4ABD-8600-102C6CF1FCF6}"
EndProject
Global
	GlobalSection(SolutionConfigurationPlatforms) = preSolution
		Debug|Any CPU = Debug|Any CPU
		Release|Any CPU = Release|Any CPU
	EndGlobalSection
	GlobalSection(ProjectConfigurationPlatforms) = postSolution
		{9698C338-A743-45BC-A282-EF0150FED5BB}.Debug|Any CPU.ActiveCfg = Debug|Any CPU
		{9698C338-A743-45BC-A282-EF0150FED5BB}.Debug|Any CPU.Build.0 = Debug|Any CPU
		{9698C338-A743-45BC-A282-EF0150FED5BB}.Release|Any CPU.ActiveCfg = Release|Any CPU
		{9698C338-A743-45BC-A282-EF0150FED5BB}.Release|Any CPU.Build.0 = Release|Any CPU
		{D64FD3AB-C10A-4D00-92BC-04E2157185FE}.Debug|Any CPU.ActiveCfg = Debug|Any CPU
		{D64FD3AB-C10A-4D00-92BC-04E2157185FE}.Debug|Any CPU.Build.0 = Debug|Any CPU
		{D64FD3AB-C10A-4D00-92BC-04E2157185FE}.Release|Any CPU.ActiveCfg = Release|Any CPU
		{D64FD3AB-C10A-4D00-92BC-04E2157185FE}.Release|Any CPU.Build.0 = Release|Any CPU
		{6607BDB1-036C-41E2-910D-2D665EED7FA0}.Debug|Any CPU.ActiveCfg = Debug|Any CPU
		{6607BDB1-036C-41E2-910D-2D665EED7FA0}.Debug|Any CPU.Build.0 = Debug|Any CPU
		{6607BDB1-036C-41E2-910D-2D665EED7FA0}.Release|Any CPU.ActiveCfg = Release|Any CPU
		{6607BDB1-036C-41E2-910D-2D665EED7FA0}.Release|Any CPU.Build.0 = Release|Any CPU
		{D9292765-4B10-439C-9507-5FA684E6868A}.Debug|Any CPU.ActiveCfg = Debug|Any CPU
		{D9292765-4B10-439C-9507-5FA684E6868A}.Debug|Any CPU.Build.0 = Debug|Any CPU
		{D9292765-4B10-439C-9507-5FA684E6868A}.Release|Any CPU.ActiveCfg = Release|Any CPU
		{D9292765-4B10-439C-9507-5FA684E6868A}.Release|Any CPU.Build.0 = Release|Any CPU
		{D4AA987E-E0DE-44A9-8856-684B3119713C}.Debug|Any CPU.ActiveCfg = Debug|Any CPU
		{D4AA987E-E0DE-44A9-8856-684B3119713C}.Debug|Any CPU.Build.0 = Debug|Any CPU
		{D4AA987E-E0DE-44A9-8856-684B3119713C}.Release|Any CPU.ActiveCfg = Release|Any CPU
		{D4AA987E-E0DE-44A9-8856-684B3119713C}.Release|Any CPU.Build.0 = Release|Any CPU
		{D2D3FDDE-E1C1-4ABD-8600-102C6CF1FCF6}.Debug|Any CPU.ActiveCfg = Debug|Any CPU
		{D2D3FDDE-E1C1-4ABD-8600-102C6CF1FCF6}.Debug|Any CPU.Build.0 = Debug|Any CPU
		{D2D3FDDE-E1C1-4ABD-8600-102C6CF1FCF6}.Release|Any CPU.ActiveCfg = Release|Any CPU
		{D2D3FDDE-E1C1-4ABD-8600-102C6CF1FCF6}.Release|Any CPU.Build.0 = Release|Any CPU
	EndGlobalSection
	GlobalSection(SolutionProperties) = preSolution
		HideSolutionNode = FALSE
	EndGlobalSection
	GlobalSection(NestedProjects) = preSolution
		{16D1A06C-BD18-47A0-AA07-227FF1FBB824} = {A73F6804-ACD1-4C37-A39D-0F48EBBE37C8}
		{9698C338-A743-45BC-A282-EF0150FED5BB} = {16D1A06C-BD18-47A0-AA07-227FF1FBB824}
		{B08F31CA-6C34-4271-BBFE-0428F3A88EBB} = {A73F6804-ACD1-4C37-A39D-0F48EBBE37C8}
		{6607BDB1-036C-41E2-910D-2D665EED7FA0} = {B08F31CA-6C34-4271-BBFE-0428F3A88EBB}
		{B42D9D6B-2608-485E-9F37-CBD7CD5FE469} = {A73F6804-ACD1-4C37-A39D-0F48EBBE37C8}
		{D9292765-4B10-439C-9507-5FA684E6868A} = {B42D9D6B-2608-485E-9F37-CBD7CD5FE469}
		{D4AA987E-E0DE-44A9-8856-684B3119713C} = {B42D9D6B-2608-485E-9F37-CBD7CD5FE469}
		{E3D1B00C-432D-49F9-ADA0-D445D1189815} = {A73F6804-ACD1-4C37-A39D-0F48EBBE37C8}
		{D2D3FDDE-E1C1-4ABD-8600-102C6CF1FCF6} = {E3D1B00C-432D-49F9-ADA0-D445D1189815}
	EndGlobalSection
	GlobalSection(ExtensibilityGlobals) = postSolution
		SolutionGuid = {3FDF144E-D9E0-43FB-AC61-DAA0DC5132E7}
	EndGlobalSection
EndGlobal
